// !$*UTF8*$!
{
	archiveVersion = 1;
	classes = {
	};
	objectVersion = 77;
	objects = {

/* Begin PBXContainerItemProxy section */
		18C8CDAE2ECDC59700C594F5 /* PBXContainerItemProxy */ = {
			isa = PBXContainerItemProxy;
			containerPortal = 18C8CD982ECDC59500C594F5 /* Project object */;
			proxyType = 1;
			remoteGlobalIDString = 18C8CD9F2ECDC59500C594F5;
			remoteInfo = TravelCompanionApp;
		};
		18C8CDB82ECDC59700C594F5 /* PBXContainerItemProxy */ = {
			isa = PBXContainerItemProxy;
			containerPortal = 18C8CD982ECDC59500C594F5 /* Project object */;
			proxyType = 1;
			remoteGlobalIDString = 18C8CD9F2ECDC59500C594F5;
			remoteInfo = TravelCompanionApp;
		};
/* End PBXContainerItemProxy section */

/* Begin PBXFileReference section */
		18C8CDA02ECDC59500C594F5 /* TravelCompanionApp.app */ = {isa = PBXFileReference; explicitFileType = wrapper.application; includeInIndex = 0; path = TravelCompanionApp.app; sourceTree = BUILT_PRODUCTS_DIR; };
		18C8CDAD2ECDC59700C594F5 /* TravelCompanionAppTests.xctest */ = {isa = PBXFileReference; explicitFileType = wrapper.cfbundle; includeInIndex = 0; path = TravelCompanionAppTests.xctest; sourceTree = BUILT_PRODUCTS_DIR; };
		18C8CDB72ECDC59700C594F5 /* TravelCompanionAppUITests.xctest */ = {isa = PBXFileReference; explicitFileType = wrapper.cfbundle; includeInIndex = 0; path = TravelCompanionAppUITests.xctest; sourceTree = BUILT_PRODUCTS_DIR; };
/* End PBXFileReference section */

/* Begin PBXFileSystemSynchronizedRootGroup section */
		18C8CDA22ECDC59500C594F5 /* TravelCompanionApp */ = {
			isa = PBXFileSystemSynchronizedRootGroup;
			path = TravelCompanionApp;
			sourceTree = "<group>";
		};
		18C8CDB02ECDC59700C594F5 /* TravelCompanionAppTests */ = {
			isa = PBXFileSystemSynchronizedRootGroup;
			path = TravelCompanionAppTests;
			sourceTree = "<group>";
		};
		18C8CDBA2ECDC59700C594F5 /* TravelCompanionAppUITests */ = {
			isa = PBXFileSystemSynchronizedRootGroup;
			path = TravelCompanionAppUITests;
			sourceTree = "<group>";
		};
/* End PBXFileSystemSynchronizedRootGroup section */

/* Begin PBXFrameworksBuildPhase section */
		18C8CD9D2ECDC59500C594F5 /* Frameworks */ = {
			isa = PBXFrameworksBuildPhase;
			buildActionMask = 2147483647;
			files = (
			);
			runOnlyForDeploymentPostprocessing = 0;
		};
		18C8CDAA2ECDC59700C594F5 /* Frameworks */ = {
			isa = PBXFrameworksBuildPhase;
			buildActionMask = 2147483647;
			files = (
			);
			runOnlyForDeploymentPostprocessing = 0;
		};
		18C8CDB42ECDC59700C594F5 /* Frameworks */ = {
			isa = PBXFrameworksBuildPhase;
			buildActionMask = 2147483647;
			files = (
			);
			runOnlyForDeploymentPostprocessing = 0;
		};
/* End PBXFrameworksBuildPhase section */

/* Begin PBXGroup section */
		18C8CD972ECDC59500C594F5 = {
			isa = PBXGroup;
			children = (
				18C8CDA22ECDC59500C594F5 /* TravelCompanionApp */,
				18C8CDB02ECDC59700C594F5 /* TravelCompanionAppTests */,
				18C8CDBA2ECDC59700C594F5 /* TravelCompanionAppUITests */,
				18C8CDA12ECDC59500C594F5 /* Products */,
			);
			sourceTree = "<group>";
		};
		18C8CDA12ECDC59500C594F5 /* Products */ = {
			isa = PBXGroup;
			children = (
				18C8CDA02ECDC59500C594F5 /* TravelCompanionApp.app */,
				18C8CDAD2ECDC59700C594F5 /* TravelCompanionAppTests.xctest */,
				18C8CDB72ECDC59700C594F5 /* TravelCompanionAppUITests.xctest */,
			);
			name = Products;
			sourceTree = "<group>";
		};
/* End PBXGroup section */

/* Begin PBXNativeTarget section */
		18C8CD9F2ECDC59500C594F5 /* TravelCompanionApp */ = {
			isa = PBXNativeTarget;
			buildConfigurationList = 18C8CDC12ECDC59700C594F5 /* Build configuration list for PBXNativeTarget "TravelCompanionApp" */;
			buildPhases = (
				18C8CD9C2ECDC59500C594F5 /* Sources */,
				18C8CD9D2ECDC59500C594F5 /* Frameworks */,
				18C8CD9E2ECDC59500C594F5 /* Resources */,
			);
			buildRules = (
			);
			dependencies = (
			);
			fileSystemSynchronizedGroups = (
				18C8CDA22ECDC59500C594F5 /* TravelCompanionApp */,
			);
			name = TravelCompanionApp;
			packageProductDependencies = (
			);
			productName = TravelCompanionApp;
			productReference = 18C8CDA02ECDC59500C594F5 /* TravelCompanionApp.app */;
			productType = "com.apple.product-type.application";
		};
		18C8CDAC2ECDC59700C594F5 /* TravelCompanionAppTests */ = {
			isa = PBXNativeTarget;
			buildConfigurationList = 18C8CDC42ECDC59700C594F5 /* Build configuration list for PBXNativeTarget "TravelCompanionAppTests" */;
			buildPhases = (
				18C8CDA92ECDC59700C594F5 /* Sources */,
				18C8CDAA2ECDC59700C594F5 /* Frameworks */,
				18C8CDAB2ECDC59700C594F5 /* Resources */,
			);
			buildRules = (
			);
			dependencies = (
				18C8CDAF2ECDC59700C594F5 /* PBXTargetDependency */,
			);
			fileSystemSynchronizedGroups = (
				18C8CDB02ECDC59700C594F5 /* TravelCompanionAppTests */,
			);
			name = TravelCompanionAppTests;
			packageProductDependencies = (
			);
			productName = TravelCompanionAppTests;
			productReference = 18C8CDAD2ECDC59700C594F5 /* TravelCompanionAppTests.xctest */;
			productType = "com.apple.product-type.bundle.unit-test";
		};
		18C8CDB62ECDC59700C594F5 /* TravelCompanionAppUITests */ = {
			isa = PBXNativeTarget;
			buildConfigurationList = 18C8CDC72ECDC59700C594F5 /* Build configuration list for PBXNativeTarget "TravelCompanionAppUITests" */;
			buildPhases = (
				18C8CDB32ECDC59700C594F5 /* Sources */,
				18C8CDB42ECDC59700C594F5 /* Frameworks */,
				18C8CDB52ECDC59700C594F5 /* Resources */,
			);
			buildRules = (
			);
			dependencies = (
				18C8CDB92ECDC59700C594F5 /* PBXTargetDependency */,
			);
			fileSystemSynchronizedGroups = (
				18C8CDBA2ECDC59700C594F5 /* TravelCompanionAppUITests */,
			);
			name = TravelCompanionAppUITests;
			packageProductDependencies = (
			);
			productName = TravelCompanionAppUITests;
			productReference = 18C8CDB72ECDC59700C594F5 /* TravelCompanionAppUITests.xctest */;
			productType = "com.apple.product-type.bundle.ui-testing";
		};
/* End PBXNativeTarget section */

/* Begin PBXProject section */
		18C8CD982ECDC59500C594F5 /* Project object */ = {
			isa = PBXProject;
			attributes = {
				BuildIndependentTargetsInParallel = 1;
				LastSwiftUpdateCheck = 1640;
				LastUpgradeCheck = 1640;
				TargetAttributes = {
					18C8CD9F2ECDC59500C594F5 = {
						CreatedOnToolsVersion = 16.4;
					};
					18C8CDAC2ECDC59700C594F5 = {
						CreatedOnToolsVersion = 16.4;
						TestTargetID = 18C8CD9F2ECDC59500C594F5;
					};
					18C8CDB62ECDC59700C594F5 = {
						CreatedOnToolsVersion = 16.4;
						TestTargetID = 18C8CD9F2ECDC59500C594F5;
					};
				};
			};
			buildConfigurationList = 18C8CD9B2ECDC59500C594F5 /* Build configuration list for PBXProject "TravelCompanionApp" */;
			developmentRegion = en;
			hasScannedForEncodings = 0;
			knownRegions = (
				en,
				Base,
			);
			mainGroup = 18C8CD972ECDC59500C594F5;
			minimizedProjectReferenceProxies = 1;
			preferredProjectObjectVersion = 77;
			productRefGroup = 18C8CDA12ECDC59500C594F5 /* Products */;
			projectDirPath = "";
			projectRoot = "";
			targets = (
				18C8CD9F2ECDC59500C594F5 /* TravelCompanionApp */,
				18C8CDAC2ECDC59700C594F5 /* TravelCompanionAppTests */,
				18C8CDB62ECDC59700C594F5 /* TravelCompanionAppUITests */,
			);
		};
/* End PBXProject section */

/* Begin PBXResourcesBuildPhase section */
		18C8CD9E2ECDC59500C594F5 /* Resources */ = {
			isa = PBXResourcesBuildPhase;
			buildActionMask = 2147483647;
			files = (
			);
			runOnlyForDeploymentPostprocessing = 0;
		};
		18C8CDAB2ECDC59700C594F5 /* Resources */ = {
			isa = PBXResourcesBuildPhase;
			buildActionMask = 2147483647;
			files = (
			);
			runOnlyForDeploymentPostprocessing = 0;
		};
		18C8CDB52ECDC59700C594F5 /* Resources */ = {
			isa = PBXResourcesBuildPhase;
			buildActionMask = 2147483647;
			files = (
			);
			runOnlyForDeploymentPostprocessing = 0;
		};
/* End PBXResourcesBuildPhase section */

/* Begin PBXSourcesBuildPhase section */
		18C8CD9C2ECDC59500C594F5 /* Sources */ = {
			isa = PBXSourcesBuildPhase;
			buildActionMask = 2147483647;
			files = (
			);
			runOnlyForDeploymentPostprocessing = 0;
		};
		18C8CDA92ECDC59700C594F5 /* Sources */ = {
			isa = PBXSourcesBuildPhase;
			buildActionMask = 2147483647;
			files = (
			);
			runOnlyForDeploymentPostprocessing = 0;
		};
		18C8CDB32ECDC59700C594F5 /* Sources */ = {
			isa = PBXSourcesBuildPhase;
			buildActionMask = 2147483647;
			files = (
			);
			runOnlyForDeploymentPostprocessing = 0;
		};
/* End PBXSourcesBuildPhase section */

/* Begin PBXTargetDependency section */
		18C8CDAF2ECDC59700C594F5 /* PBXTargetDependency */ = {
			isa = PBXTargetDependency;
			target = 18C8CD9F2ECDC59500C594F5 /* TravelCompanionApp */;
			targetProxy = 18C8CDAE2ECDC59700C594F5 /* PBXContainerItemProxy */;
		};
		18C8CDB92ECDC59700C594F5 /* PBXTargetDependency */ = {
			isa = PBXTargetDependency;
			target = 18C8CD9F2ECDC59500C594F5 /* TravelCompanionApp */;
			targetProxy = 18C8CDB82ECDC59700C594F5 /* PBXContainerItemProxy */;
		};
/* End PBXTargetDependency section */

/* Begin XCBuildConfiguration section */
		18C8CDBF2ECDC59700C594F5 /* Debug */ = {
			isa = XCBuildConfiguration;
			buildSettings = {
				ALWAYS_SEARCH_USER_PATHS = NO;
				ASSETCATALOG_COMPILER_GENERATE_SWIFT_ASSET_SYMBOL_EXTENSIONS = YES;
				CLANG_ANALYZER_NONNULL = YES;
				CLANG_ANALYZER_NUMBER_OBJECT_CONVERSION = YES_AGGRESSIVE;
				CLANG_CXX_LANGUAGE_STANDARD = "gnu++20";
				CLANG_ENABLE_MODULES = YES;
				CLANG_ENABLE_OBJC_ARC = YES;
				CLANG_ENABLE_OBJC_WEAK = YES;
				CLANG_WARN_BLOCK_CAPTURE_AUTORELEASING = YES;
				CLANG_WARN_BOOL_CONVERSION = YES;
				CLANG_WARN_COMMA = YES;
				CLANG_WARN_CONSTANT_CONVERSION = YES;
				CLANG_WARN_DEPRECATED_OBJC_IMPLEMENTATIONS = YES;
				CLANG_WARN_DIRECT_OBJC_ISA_USAGE = YES_ERROR;
				CLANG_WARN_DOCUMENTATION_COMMENTS = YES;
				CLANG_WARN_EMPTY_BODY = YES;
				CLANG_WARN_ENUM_CONVERSION = YES;
				CLANG_WARN_INFINITE_RECURSION = YES;
				CLANG_WARN_INT_CONVERSION = YES;
				CLANG_WARN_NON_LITERAL_NULL_CONVERSION = YES;
				CLANG_WARN_OBJC_IMPLICIT_RETAIN_SELF = YES;
				CLANG_WARN_OBJC_LITERAL_CONVERSION = YES;
				CLANG_WARN_OBJC_ROOT_CLASS = YES_ERROR;
				CLANG_WARN_QUOTED_INCLUDE_IN_FRAMEWORK_HEADER = YES;
				CLANG_WARN_RANGE_LOOP_ANALYSIS = YES;
				CLANG_WARN_STRICT_PROTOTYPES = YES;
				CLANG_WARN_SUSPICIOUS_MOVE = YES;
				CLANG_WARN_UNGUARDED_AVAILABILITY = YES_AGGRESSIVE;
				CLANG_WARN_UNREACHABLE_CODE = YES;
				CLANG_WARN__DUPLICATE_METHOD_MATCH = YES;
				COPY_PHASE_STRIP = NO;
				DEBUG_INFORMATION_FORMAT = dwarf;
				ENABLE_STRICT_OBJC_MSGSEND = YES;
				ENABLE_TESTABILITY = YES;
				ENABLE_USER_SCRIPT_SANDBOXING = YES;
				GCC_C_LANGUAGE_STANDARD = gnu17;
				GCC_DYNAMIC_NO_PIC = NO;
				GCC_NO_COMMON_BLOCKS = YES;
				GCC_OPTIMIZATION_LEVEL = 0;
				GCC_PREPROCESSOR_DEFINITIONS = (
					"DEBUG=1",
					"$(inherited)",
				);
				GCC_WARN_64_TO_32_BIT_CONVERSION = YES;
				GCC_WARN_ABOUT_RETURN_TYPE = YES_ERROR;
				GCC_WARN_UNDECLARED_SELECTOR = YES;
				GCC_WARN_UNINITIALIZED_AUTOS = YES_AGGRESSIVE;
				GCC_WARN_UNUSED_FUNCTION = YES;
				GCC_WARN_UNUSED_VARIABLE = YES;
				IPHONEOS_DEPLOYMENT_TARGET = 18.5;
				LOCALIZATION_PREFERS_STRING_CATALOGS = YES;
				MTL_ENABLE_DEBUG_INFO = INCLUDE_SOURCE;
				MTL_FAST_MATH = YES;
				ONLY_ACTIVE_ARCH = YES;
				SDKROOT = iphoneos;
				SWIFT_ACTIVE_COMPILATION_CONDITIONS = "DEBUG $(inherited)";
				SWIFT_OPTIMIZATION_LEVEL = "-Onone";
			};
			name = Debug;
		};
		18C8CDC02ECDC59700C594F5 /* Release */ = {
			isa = XCBuildConfiguration;
			buildSettings = {
				ALWAYS_SEARCH_USER_PATHS = NO;
				ASSETCATALOG_COMPILER_GENERATE_SWIFT_ASSET_SYMBOL_EXTENSIONS = YES;
				CLANG_ANALYZER_NONNULL = YES;
				CLANG_ANALYZER_NUMBER_OBJECT_CONVERSION = YES_AGGRESSIVE;
				CLANG_CXX_LANGUAGE_STANDARD = "gnu++20";
				CLANG_ENABLE_MODULES = YES;
				CLANG_ENABLE_OBJC_ARC = YES;
				CLANG_ENABLE_OBJC_WEAK = YES;
				CLANG_WARN_BLOCK_CAPTURE_AUTORELEASING = YES;
				CLANG_WARN_BOOL_CONVERSION = YES;
				CLANG_WARN_COMMA = YES;
				CLANG_WARN_CONSTANT_CONVERSION = YES;
				CLANG_WARN_DEPRECATED_OBJC_IMPLEMENTATIONS = YES;
				CLANG_WARN_DIRECT_OBJC_ISA_USAGE = YES_ERROR;
				CLANG_WARN_DOCUMENTATION_COMMENTS = YES;
				CLANG_WARN_EMPTY_BODY = YES;
				CLANG_WARN_ENUM_CONVERSION = YES;
				CLANG_WARN_INFINITE_RECURSION = YES;
				CLANG_WARN_INT_CONVERSION = YES;
				CLANG_WARN_NON_LITERAL_NULL_CONVERSION = YES;
				CLANG_WARN_OBJC_IMPLICIT_RETAIN_SELF = YES;
				CLANG_WARN_OBJC_LITERAL_CONVERSION = YES;
				CLANG_WARN_OBJC_ROOT_CLASS = YES_ERROR;
				CLANG_WARN_QUOTED_INCLUDE_IN_FRAMEWORK_HEADER = YES;
				CLANG_WARN_RANGE_LOOP_ANALYSIS = YES;
				CLANG_WARN_STRICT_PROTOTYPES = YES;
				CLANG_WARN_SUSPICIOUS_MOVE = YES;
				CLANG_WARN_UNGUARDED_AVAILABILITY = YES_AGGRESSIVE;
				CLANG_WARN_UNREACHABLE_CODE = YES;
				CLANG_WARN__DUPLICATE_METHOD_MATCH = YES;
				COPY_PHASE_STRIP = NO;
				DEBUG_INFORMATION_FORMAT = "dwarf-with-dsym";
				ENABLE_NS_ASSERTIONS = NO;
				ENABLE_STRICT_OBJC_MSGSEND = YES;
				ENABLE_USER_SCRIPT_SANDBOXING = YES;
				GCC_C_LANGUAGE_STANDARD = gnu17;
				GCC_NO_COMMON_BLOCKS = YES;
				GCC_WARN_64_TO_32_BIT_CONVERSION = YES;
				GCC_WARN_ABOUT_RETURN_TYPE = YES_ERROR;
				GCC_WARN_UNDECLARED_SELECTOR = YES;
				GCC_WARN_UNINITIALIZED_AUTOS = YES_AGGRESSIVE;
				GCC_WARN_UNUSED_FUNCTION = YES;
				GCC_WARN_UNUSED_VARIABLE = YES;
				IPHONEOS_DEPLOYMENT_TARGET = 18.5;
				LOCALIZATION_PREFERS_STRING_CATALOGS = YES;
				MTL_ENABLE_DEBUG_INFO = NO;
				MTL_FAST_MATH = YES;
				SDKROOT = iphoneos;
				SWIFT_COMPILATION_MODE = wholemodule;
				VALIDATE_PRODUCT = YES;
			};
			name = Release;
		};
		18C8CDC22ECDC59700C594F5 /* Debug */ = {
			isa = XCBuildConfiguration;
			buildSettings = {
				ASSETCATALOG_COMPILER_APPICON_NAME = AppIcon;
				ASSETCATALOG_COMPILER_GLOBAL_ACCENT_COLOR_NAME = AccentColor;
				CODE_SIGN_STYLE = Automatic;
				CURRENT_PROJECT_VERSION = 1;
				ENABLE_PREVIEWS = YES;
				GENERATE_INFOPLIST_FILE = YES;
				INFOPLIST_KEY_UIApplicationSceneManifest_Generation = YES;
				INFOPLIST_KEY_UIApplicationSupportsIndirectInputEvents = YES;
				INFOPLIST_KEY_UILaunchScreen_Generation = YES;
				INFOPLIST_KEY_UISupportedInterfaceOrientations_iPad = "UIInterfaceOrientationPortrait UIInterfaceOrientationPortraitUpsideDown UIInterfaceOrientationLandscapeLeft UIInterfaceOrientationLandscapeRight";
				INFOPLIST_KEY_UISupportedInterfaceOrientations_iPhone = "UIInterfaceOrientationPortrait UIInterfaceOrientationLandscapeLeft UIInterfaceOrientationLandscapeRight";
				LD_RUNPATH_SEARCH_PATHS = (
					"$(inherited)",
					"@executable_path/Frameworks",
				);
				MARKETING_VERSION = 1.0;
				PRODUCT_BUNDLE_IDENTIFIER = amkingApps.com.TravelCompanionApp;
				PRODUCT_NAME = "$(TARGET_NAME)";
				SWIFT_EMIT_LOC_STRINGS = YES;
				SWIFT_VERSION = 5.0;
				TARGETED_DEVICE_FAMILY = "1,2";
			};
			name = Debug;
		};
		18C8CDC32ECDC59700C594F5 /* Release */ = {
			isa = XCBuildConfiguration;
			buildSettings = {
				ASSETCATALOG_COMPILER_APPICON_NAME = AppIcon;
				ASSETCATALOG_COMPILER_GLOBAL_ACCENT_COLOR_NAME = AccentColor;
				CODE_SIGN_STYLE = Automatic;
				CURRENT_PROJECT_VERSION = 1;
				ENABLE_PREVIEWS = YES;
				GENERATE_INFOPLIST_FILE = YES;
				INFOPLIST_KEY_UIApplicationSceneManifest_Generation = YES;
				INFOPLIST_KEY_UIApplicationSupportsIndirectInputEvents = YES;
				INFOPLIST_KEY_UILaunchScreen_Generation = YES;
				INFOPLIST_KEY_UISupportedInterfaceOrientations_iPad = "UIInterfaceOrientationPortrait UIInterfaceOrientationPortraitUpsideDown UIInterfaceOrientationLandscapeLeft UIInterfaceOrientationLandscapeRight";
				INFOPLIST_KEY_UISupportedInterfaceOrientations_iPhone = "UIInterfaceOrientationPortrait UIInterfaceOrientationLandscapeLeft UIInterfaceOrientationLandscapeRight";
				LD_RUNPATH_SEARCH_PATHS = (
					"$(inherited)",
					"@executable_path/Frameworks",
				);
				MARKETING_VERSION = 1.0;
				PRODUCT_BUNDLE_IDENTIFIER = amkingApps.com.TravelCompanionApp;
				PRODUCT_NAME = "$(TARGET_NAME)";
				SWIFT_EMIT_LOC_STRINGS = YES;
				SWIFT_VERSION = 5.0;
				TARGETED_DEVICE_FAMILY = "1,2";
			};
			name = Release;
		};
		18C8CDC52ECDC59700C594F5 /* Debug */ = {
			isa = XCBuildConfiguration;
			buildSettings = {
				BUNDLE_LOADER = "$(TEST_HOST)";
				CODE_SIGN_STYLE = Automatic;
				CURRENT_PROJECT_VERSION = 1;
				GENERATE_INFOPLIST_FILE = YES;
				IPHONEOS_DEPLOYMENT_TARGET = 18.5;
				MARKETING_VERSION = 1.0;
				PRODUCT_BUNDLE_IDENTIFIER = amkingApps.com.TravelCompanionAppTests;
				PRODUCT_NAME = "$(TARGET_NAME)";
				SWIFT_EMIT_LOC_STRINGS = NO;
				SWIFT_VERSION = 5.0;
				TARGETED_DEVICE_FAMILY = "1,2";
				TEST_HOST = "$(BUILT_PRODUCTS_DIR)/TravelCompanionApp.app/$(BUNDLE_EXECUTABLE_FOLDER_PATH)/TravelCompanionApp";
			};
			name = Debug;
		};
		18C8CDC62ECDC59700C594F5 /* Release */ = {
			isa = XCBuildConfiguration;
			buildSettings = {
				BUNDLE_LOADER = "$(TEST_HOST)";
				CODE_SIGN_STYLE = Automatic;
				CURRENT_PROJECT_VERSION = 1;
				GENERATE_INFOPLIST_FILE = YES;
				IPHONEOS_DEPLOYMENT_TARGET = 18.5;
				MARKETING_VERSION = 1.0;
				PRODUCT_BUNDLE_IDENTIFIER = amkingApps.com.TravelCompanionAppTests;
				PRODUCT_NAME = "$(TARGET_NAME)";
				SWIFT_EMIT_LOC_STRINGS = NO;
				SWIFT_VERSION = 5.0;
				TARGETED_DEVICE_FAMILY = "1,2";
				TEST_HOST = "$(BUILT_PRODUCTS_DIR)/TravelCompanionApp.app/$(BUNDLE_EXECUTABLE_FOLDER_PATH)/TravelCompanionApp";
			};
			name = Release;
		};
		18C8CDC82ECDC59700C594F5 /* Debug */ = {
			isa = XCBuildConfiguration;
			buildSettings = {
				CODE_SIGN_STYLE = Automatic;
				CURRENT_PROJECT_VERSION = 1;
				GENERATE_INFOPLIST_FILE = YES;
				MARKETING_VERSION = 1.0;
				PRODUCT_BUNDLE_IDENTIFIER = amkingApps.com.TravelCompanionAppUITests;
				PRODUCT_NAME = "$(TARGET_NAME)";
				SWIFT_EMIT_LOC_STRINGS = NO;
				SWIFT_VERSION = 5.0;
				TARGETED_DEVICE_FAMILY = "1,2";
				TEST_TARGET_NAME = TravelCompanionApp;
			};
			name = Debug;
		};
		18C8CDC92ECDC59700C594F5 /* Release */ = {
			isa = XCBuildConfiguration;
			buildSettings = {
				CODE_SIGN_STYLE = Automatic;
				CURRENT_PROJECT_VERSION = 1;
				GENERATE_INFOPLIST_FILE = YES;
				MARKETING_VERSION = 1.0;
				PRODUCT_BUNDLE_IDENTIFIER = amkingApps.com.TravelCompanionAppUITests;
				PRODUCT_NAME = "$(TARGET_NAME)";
				SWIFT_EMIT_LOC_STRINGS = NO;
				SWIFT_VERSION = 5.0;
				TARGETED_DEVICE_FAMILY = "1,2";
				TEST_TARGET_NAME = TravelCompanionApp;
			};
			name = Release;
		};
/* End XCBuildConfiguration section */

/* Begin XCConfigurationList section */
		18C8CD9B2ECDC59500C594F5 /* Build configuration list for PBXProject "TravelCompanionApp" */ = {
			isa = XCConfigurationList;
			buildConfigurations = (
				18C8CDBF2ECDC59700C594F5 /* Debug */,
				18C8CDC02ECDC59700C594F5 /* Release */,
			);
			defaultConfigurationIsVisible = 0;
			defaultConfigurationName = Release;
		};
		18C8CDC12ECDC59700C594F5 /* Build configuration list for PBXNativeTarget "TravelCompanionApp" */ = {
			isa = XCConfigurationList;
			buildConfigurations = (
				18C8CDC22ECDC59700C594F5 /* Debug */,
				18C8CDC32ECDC59700C594F5 /* Release */,
			);
			defaultConfigurationIsVisible = 0;
			defaultConfigurationName = Release;
		};
		18C8CDC42ECDC59700C594F5 /* Build configuration list for PBXNativeTarget "TravelCompanionAppTests" */ = {
			isa = XCConfigurationList;
			buildConfigurations = (
				18C8CDC52ECDC59700C594F5 /* Debug */,
				18C8CDC62ECDC59700C594F5 /* Release */,
			);
			defaultConfigurationIsVisible = 0;
			defaultConfigurationName = Release;
		};
		18C8CDC72ECDC59700C594F5 /* Build configuration list for PBXNativeTarget "TravelCompanionAppUITests" */ = {
			isa = XCConfigurationList;
			buildConfigurations = (
				18C8CDC82ECDC59700C594F5 /* Debug */,
				18C8CDC92ECDC59700C594F5 /* Release */,
			);
			defaultConfigurationIsVisible = 0;
			defaultConfigurationName = Release;
		};
/* End XCConfigurationList section */
	};
	rootObject = 18C8CD982ECDC59500C594F5 /* Project object */;
}
